
Microsoft Visual Studio Solution File, Format Version 12.00
# Visual Studio Version 17
VisualStudioVersion = 17.7.34031.279
MinimumVisualStudioVersion = 10.0.40219.1
Project("{FAE04EC0-301F-11D3-BF4B-00C04F79EFBC}") = "imageProcessingM", "imageProcessingM\imageProcessingM.csproj", "{B88CEFAA-F907-4653-88B4-183495BA6555}"
EndProject
Global
	GlobalSection(SolutionConfigurationPlatforms) = preSolution
		Debug|Any CPU = Debug|Any CPU
		Release|Any CPU = Release|Any CPU
	EndGlobalSection
	GlobalSection(ProjectConfigurationPlatforms) = postSolution
		{B88CEFAA-F907-4653-88B4-183495BA6555}.Debug|Any CPU.ActiveCfg = Debug|Any CPU
		{B88CEFAA-F907-4653-88B4-183495BA6555}.Debug|Any CPU.Build.0 = Debug|Any CPU
		{B88CEFAA-F907-4653-88B4-183495BA6555}.Release|Any CPU.ActiveCfg = Release|Any CPU
		{B88CEFAA-F907-4653-88B4-183495BA6555}.Release|Any CPU.Build.0 = Release|Any CPU
	EndGlobalSection
	GlobalSection(SolutionProperties) = preSolution
		HideSolutionNode = FALSE
	EndGlobalSection
	GlobalSection(ExtensibilityGlobals) = postSolution
		SolutionGuid = {09236E51-3D4D-4A72-98E2-CD183D6852F1}
	EndGlobalSection
EndGlobal
